
Microsoft Visual Studio Solution File, Format Version 12.00
# Visual Studio Version 16
VisualStudioVersion = 16.0.30413.136
MinimumVisualStudioVersion = 10.0.40219.1
Project("{FAE04EC0-301F-11D3-BF4B-00C04F79EFBC}") = "JWTToken", "JWTToken\JWTToken.csproj", "{AFD5658D-764B-4BCF-B122-8063A14C3576}"
EndProject
Global
	GlobalSection(SolutionConfigurationPlatforms) = preSolution
		Debug|Any CPU = Debug|Any CPU
		Release|Any CPU = Release|Any CPU
	EndGlobalSection
	GlobalSection(ProjectConfigurationPlatforms) = postSolution
		{AFD5658D-764B-4BCF-B122-8063A14C3576}.Debug|Any CPU.ActiveCfg = Debug|Any CPU
		{AFD5658D-764B-4BCF-B122-8063A14C3576}.Debug|Any CPU.Build.0 = Debug|Any CPU
		{AFD5658D-764B-4BCF-B122-8063A14C3576}.Release|Any CPU.ActiveCfg = Release|Any CPU
		{AFD5658D-764B-4BCF-B122-8063A14C3576}.Release|Any CPU.Build.0 = Release|Any CPU
	EndGlobalSection
	GlobalSection(SolutionProperties) = preSolution
		HideSolutionNode = FALSE
	EndGlobalSection
	GlobalSection(ExtensibilityGlobals) = postSolution
		SolutionGuid = {E55F99CB-4763-4A5D-95F9-485052FED5E7}
	EndGlobalSection
EndGlobal
